
Microsoft Visual Studio Solution File, Format Version 12.00
# Visual Studio Version 16
VisualStudioVersion = 16.0.33927.289
MinimumVisualStudioVersion = 10.0.40219.1
Project("{2150E333-8FDC-42A3-9474-1A3956D46DE8}") = "Task0", "Task0", "{8C49F02F-5542-486F-94CF-5B91185A5B8D}"
EndProject
Project("{FAE04EC0-301F-11D3-BF4B-00C04F79EFBC}") = "Tyuiu.ZakharovaYV.Sprint2.Task0.V14", "Tyuiu.ZakharovaYV.Sprint2.Task0.V14\Tyuiu.ZakharovaYV.Sprint2.Task0.V14.csproj", "{4A11907B-9D03-42FF-A1AD-277840909A9E}"
EndProject
Project("{FAE04EC0-301F-11D3-BF4B-00C04F79EFBC}") = "Tyuiu.ZakharovaYV.Sprint2.Task0.V14.Test", "Tyuiu.ZakharovaYV.Sprint2.Task0.V14.Test\Tyuiu.ZakharovaYV.Sprint2.Task0.V14.Test.csproj", "{8F9086B2-3DF8-4DC7-BB4C-76B8BAFF5B03}"
EndProject
Project("{FAE04EC0-301F-11D3-BF4B-00C04F79EFBC}") = "Tyuiu.ZakharovaYV.Sprint2.Task0.V14.Lib", "Tyuiu.ZakharovaYV.Sprint2.Task0.V14.Lib\Tyuiu.ZakharovaYV.Sprint2.Task0.V14.Lib.csproj", "{F5545FF8-CC95-4BB5-80D4-6C2236EC8130}"
EndProject
Project("{2150E333-8FDC-42A3-9474-1A3956D46DE8}") = "Task1", "Task1", "{7224946D-6DD5-4183-AD13-BD2233B5A1B1}"
EndProject
Project("{FAE04EC0-301F-11D3-BF4B-00C04F79EFBC}") = "Tyuiu.ZakharovaYV.Sprint2.Task1.V9", "Tyuiu.ZakharovaYV.Sprint2.Task1.V9\Tyuiu.ZakharovaYV.Sprint2.Task1.V9.csproj", "{B28552FD-503B-4BD5-B636-D44ED6A14B19}"
EndProject
Project("{FAE04EC0-301F-11D3-BF4B-00C04F79EFBC}") = "Tyuiu.ZakharovaYV.Sprint2.Task1.V9.Test", "Tyuiu.ZakharovaYV.Sprint2.Task1.V9.Test\Tyuiu.ZakharovaYV.Sprint2.Task1.V9.Test.csproj", "{B387FFD4-8F28-4430-989A-F1FA9863BF9B}"
EndProject
Project("{FAE04EC0-301F-11D3-BF4B-00C04F79EFBC}") = "Tyuiu.ZakharovaYV.Sprint2.Task1.V9.Lib", "Tyuiu.ZakharovaYV.Sprint2.Task1.V9.Lib\Tyuiu.ZakharovaYV.Sprint2.Task1.V9.Lib.csproj", "{1CCC555C-E469-4CA7-B15F-27D69D19106A}"
EndProject
Global
	GlobalSection(SolutionConfigurationPlatforms) = preSolution
		Debug|Any CPU = Debug|Any CPU
		Release|Any CPU = Release|Any CPU
	EndGlobalSection
	GlobalSection(ProjectConfigurationPlatforms) = postSolution
		{4A11907B-9D03-42FF-A1AD-277840909A9E}.Debug|Any CPU.ActiveCfg = Debug|Any CPU
		{4A11907B-9D03-42FF-A1AD-277840909A9E}.Debug|Any CPU.Build.0 = Debug|Any CPU
		{4A11907B-9D03-42FF-A1AD-277840909A9E}.Release|Any CPU.ActiveCfg = Release|Any CPU
		{4A11907B-9D03-42FF-A1AD-277840909A9E}.Release|Any CPU.Build.0 = Release|Any CPU
		{8F9086B2-3DF8-4DC7-BB4C-76B8BAFF5B03}.Debug|Any CPU.ActiveCfg = Debug|Any CPU
		{8F9086B2-3DF8-4DC7-BB4C-76B8BAFF5B03}.Debug|Any CPU.Build.0 = Debug|Any CPU
		{8F9086B2-3DF8-4DC7-BB4C-76B8BAFF5B03}.Release|Any CPU.ActiveCfg = Release|Any CPU
		{8F9086B2-3DF8-4DC7-BB4C-76B8BAFF5B03}.Release|Any CPU.Build.0 = Release|Any CPU
		{F5545FF8-CC95-4BB5-80D4-6C2236EC8130}.Debug|Any CPU.ActiveCfg = Debug|Any CPU
		{F5545FF8-CC95-4BB5-80D4-6C2236EC8130}.Debug|Any CPU.Build.0 = Debug|Any CPU
		{F5545FF8-CC95-4BB5-80D4-6C2236EC8130}.Release|Any CPU.ActiveCfg = Release|Any CPU
		{F5545FF8-CC95-4BB5-80D4-6C2236EC8130}.Release|Any CPU.Build.0 = Release|Any CPU
		{B28552FD-503B-4BD5-B636-D44ED6A14B19}.Debug|Any CPU.ActiveCfg = Debug|Any CPU
		{B28552FD-503B-4BD5-B636-D44ED6A14B19}.Debug|Any CPU.Build.0 = Debug|Any CPU
		{B28552FD-503B-4BD5-B636-D44ED6A14B19}.Release|Any CPU.ActiveCfg = Release|Any CPU
		{B28552FD-503B-4BD5-B636-D44ED6A14B19}.Release|Any CPU.Build.0 = Release|Any CPU
		{B387FFD4-8F28-4430-989A-F1FA9863BF9B}.Debug|Any CPU.ActiveCfg = Debug|Any CPU
		{B387FFD4-8F28-4430-989A-F1FA9863BF9B}.Debug|Any CPU.Build.0 = Debug|Any CPU
		{B387FFD4-8F28-4430-989A-F1FA9863BF9B}.Release|Any CPU.ActiveCfg = Release|Any CPU
		{B387FFD4-8F28-4430-989A-F1FA9863BF9B}.Release|Any CPU.Build.0 = Release|Any CPU
		{1CCC555C-E469-4CA7-B15F-27D69D19106A}.Debug|Any CPU.ActiveCfg = Debug|Any CPU
		{1CCC555C-E469-4CA7-B15F-27D69D19106A}.Debug|Any CPU.Build.0 = Debug|Any CPU
		{1CCC555C-E469-4CA7-B15F-27D69D19106A}.Release|Any CPU.ActiveCfg = Release|Any CPU
		{1CCC555C-E469-4CA7-B15F-27D69D19106A}.Release|Any CPU.Build.0 = Release|Any CPU
	EndGlobalSection
	GlobalSection(SolutionProperties) = preSolution
		HideSolutionNode = FALSE
	EndGlobalSection
	GlobalSection(NestedProjects) = preSolution
		{4A11907B-9D03-42FF-A1AD-277840909A9E} = {8C49F02F-5542-486F-94CF-5B91185A5B8D}
		{8F9086B2-3DF8-4DC7-BB4C-76B8BAFF5B03} = {8C49F02F-5542-486F-94CF-5B91185A5B8D}
		{F5545FF8-CC95-4BB5-80D4-6C2236EC8130} = {8C49F02F-5542-486F-94CF-5B91185A5B8D}
		{B28552FD-503B-4BD5-B636-D44ED6A14B19} = {7224946D-6DD5-4183-AD13-BD2233B5A1B1}
		{B387FFD4-8F28-4430-989A-F1FA9863BF9B} = {7224946D-6DD5-4183-AD13-BD2233B5A1B1}
		{1CCC555C-E469-4CA7-B15F-27D69D19106A} = {7224946D-6DD5-4183-AD13-BD2233B5A1B1}
	EndGlobalSection
	GlobalSection(ExtensibilityGlobals) = postSolution
		SolutionGuid = {0B047974-6BAC-4872-8779-BD7252652723}
	EndGlobalSection
EndGlobal
