
Microsoft Visual Studio Solution File, Format Version 12.00
# Visual Studio Version 16
VisualStudioVersion = 16.0.33927.289
MinimumVisualStudioVersion = 10.0.40219.1
Project("{2150E333-8FDC-42A3-9474-1A3956D46DE8}") = "Task0", "Task0", "{8C49F02F-5542-486F-94CF-5B91185A5B8D}"
EndProject
Project("{FAE04EC0-301F-11D3-BF4B-00C04F79EFBC}") = "Tyuiu.ZakharovaYV.Sprint2.Task0.V14", "Tyuiu.ZakharovaYV.Sprint2.Task0.V14\Tyuiu.ZakharovaYV.Sprint2.Task0.V14.csproj", "{4A11907B-9D03-42FF-A1AD-277840909A9E}"
EndProject
Project("{FAE04EC0-301F-11D3-BF4B-00C04F79EFBC}") = "Tyuiu.ZakharovaYV.Sprint2.Task0.V14.Test", "Tyuiu.ZakharovaYV.Sprint2.Task0.V14.Test\Tyuiu.ZakharovaYV.Sprint2.Task0.V14.Test.csproj", "{8F9086B2-3DF8-4DC7-BB4C-76B8BAFF5B03}"
EndProject
Project("{FAE04EC0-301F-11D3-BF4B-00C04F79EFBC}") = "Tyuiu.ZakharovaYV.Sprint2.Task0.V14.Lib", "Tyuiu.ZakharovaYV.Sprint2.Task0.V14.Lib\Tyuiu.ZakharovaYV.Sprint2.Task0.V14.Lib.csproj", "{F5545FF8-CC95-4BB5-80D4-6C2236EC8130}"
EndProject
Project("{2150E333-8FDC-42A3-9474-1A3956D46DE8}") = "Task1", "Task1", "{7224946D-6DD5-4183-AD13-BD2233B5A1B1}"
EndProject
Project("{FAE04EC0-301F-11D3-BF4B-00C04F79EFBC}") = "Tyuiu.ZakharovaYV.Sprint2.Task1.V9", "Tyuiu.ZakharovaYV.Sprint2.Task1.V9\Tyuiu.ZakharovaYV.Sprint2.Task1.V9.csproj", "{B28552FD-503B-4BD5-B636-D44ED6A14B19}"
EndProject
Project("{FAE04EC0-301F-11D3-BF4B-00C04F79EFBC}") = "Tyuiu.ZakharovaYV.Sprint2.Task1.V9.Test", "Tyuiu.ZakharovaYV.Sprint2.Task1.V9.Test\Tyuiu.ZakharovaYV.Sprint2.Task1.V9.Test.csproj", "{B387FFD4-8F28-4430-989A-F1FA9863BF9B}"
EndProject
Project("{FAE04EC0-301F-11D3-BF4B-00C04F79EFBC}") = "Tyuiu.ZakharovaYV.Sprint2.Task1.V9.Lib", "Tyuiu.ZakharovaYV.Sprint2.Task1.V9.Lib\Tyuiu.ZakharovaYV.Sprint2.Task1.V9.Lib.csproj", "{1CCC555C-E469-4CA7-B15F-27D69D19106A}"
EndProject
Project("{2150E333-8FDC-42A3-9474-1A3956D46DE8}") = "Task2", "Task2", "{AD5974FD-8104-49FB-A698-D05F23A35A36}"
EndProject
Project("{FAE04EC0-301F-11D3-BF4B-00C04F79EFBC}") = "Tyuiu.ZakharovaYV.Sprint2.Task2.V22", "Tyuiu.ZakharovaYV.Sprint2.Task2.V22\Tyuiu.ZakharovaYV.Sprint2.Task2.V22.csproj", "{E177614D-7C8F-4F6A-B367-A576D41A96D4}"
EndProject
Project("{FAE04EC0-301F-11D3-BF4B-00C04F79EFBC}") = "Tyuiu.ZakharovaYV.Sprint2.Task2.V22.Test", "Tyuiu.ZakharovaYV.Sprint2.Task2.V22.Test\Tyuiu.ZakharovaYV.Sprint2.Task2.V22.Test.csproj", "{B766CC44-FC65-4422-8D8E-CB864B477AD0}"
EndProject
Project("{FAE04EC0-301F-11D3-BF4B-00C04F79EFBC}") = "Tyuiu.ZakharovaYV.Sprint2.Task2.V22.Lib", "Tyuiu.ZakharovaYV.Sprint2.Task2.V22.Lib\Tyuiu.ZakharovaYV.Sprint2.Task2.V22.Lib.csproj", "{D5CBED87-BA57-4BB4-A898-F8546CB19B87}"
EndProject
Project("{2150E333-8FDC-42A3-9474-1A3956D46DE8}") = "Task3", "Task3", "{1D5D5F60-BECA-46ED-A265-25E0A67ECFD2}"
EndProject
Project("{FAE04EC0-301F-11D3-BF4B-00C04F79EFBC}") = "Tyuiu.ZakharovaYV.Sprint2.Task3.V24", "Tyuiu.ZakharovaYV.Sprint2.Task3.V24\Tyuiu.ZakharovaYV.Sprint2.Task3.V24.csproj", "{09321C1E-6706-420A-BCC0-50707FEF4490}"
EndProject
Project("{FAE04EC0-301F-11D3-BF4B-00C04F79EFBC}") = "Tyuiu.ZakharovaYV.Sprint2.Task3.V24.Test", "Tyuiu.ZakharovaYV.Sprint2.Task3.V24.Test\Tyuiu.ZakharovaYV.Sprint2.Task3.V24.Test.csproj", "{8749DBB2-A9BC-44D4-ADF8-8C40B7401773}"
EndProject
Project("{FAE04EC0-301F-11D3-BF4B-00C04F79EFBC}") = "Tyuiu.ZakharovaYV.Sprint2.Task3.V24.Lib", "Tyuiu.ZakharovaYV.Sprint2.Task3.V24.Lib\Tyuiu.ZakharovaYV.Sprint2.Task3.V24.Lib.csproj", "{53C4EE1E-51A7-4C4E-AFB5-D92C13953A27}"
EndProject
Project("{2150E333-8FDC-42A3-9474-1A3956D46DE8}") = "Task4", "Task4", "{B3E6099B-B638-4787-85C4-41CC6F1721FE}"
EndProject
Project("{FAE04EC0-301F-11D3-BF4B-00C04F79EFBC}") = "Tyuiu.ZakharovaYV.Sprint2.Task4.V23", "Tyuiu.ZakharovaYV.Sprint2.Task4.V23\Tyuiu.ZakharovaYV.Sprint2.Task4.V23.csproj", "{51002A3D-CBBE-4F76-9257-716E45132628}"
EndProject
Project("{FAE04EC0-301F-11D3-BF4B-00C04F79EFBC}") = "Tyuiu.ZakharovaYV.Sprint2.Task4.V23.Test", "Tyuiu.ZakharovaYV.Sprint2.Task4.V23.Test\Tyuiu.ZakharovaYV.Sprint2.Task4.V23.Test.csproj", "{9C455E15-2B91-4E6E-8C54-4EE901AF4066}"
EndProject
Project("{FAE04EC0-301F-11D3-BF4B-00C04F79EFBC}") = "Tyuiu.ZakharovaYV.Sprint2.Task4.V23.Lib", "Tyuiu.ZakharovaYV.Sprint2.Task4.V23.Lib\Tyuiu.ZakharovaYV.Sprint2.Task4.V23.Lib.csproj", "{12D36341-5F28-44D4-BC44-9E5B9558AC7B}"
EndProject
Project("{2150E333-8FDC-42A3-9474-1A3956D46DE8}") = "Task5", "Task5", "{2A488069-1BE6-4F40-8CB8-CEA6EA31D623}"
EndProject
Project("{FAE04EC0-301F-11D3-BF4B-00C04F79EFBC}") = "Tyuiu.ZakharovaYV.Sprint2.Task5.V1", "Tyuiu.ZakharovaYV.Sprint2.Task5.V13\Tyuiu.ZakharovaYV.Sprint2.Task5.V1.csproj", "{F5DDB443-52ED-44EB-BCD5-8B3D13768C4A}"
EndProject
Project("{FAE04EC0-301F-11D3-BF4B-00C04F79EFBC}") = "Tyuiu.ZakharovaYV.Sprint2.Task5.V1.Test", "Tyuiu.ZakharovaYV.Sprint2.Task5.V13.Test\Tyuiu.ZakharovaYV.Sprint2.Task5.V1.Test.csproj", "{147D40B8-B1BE-40C6-B36A-BA3888569FFD}"
EndProject
Project("{FAE04EC0-301F-11D3-BF4B-00C04F79EFBC}") = "Tyuiu.ZakharovaYV.Sprint2.Task5.V1.Lib", "Tyuiu.ZakharovaYV.Sprint2.Task5.V13.Lib\Tyuiu.ZakharovaYV.Sprint2.Task5.V1.Lib.csproj", "{E641E87D-F9A1-4F2D-A5E0-EAE0788DC668}"
EndProject
Project("{2150E333-8FDC-42A3-9474-1A3956D46DE8}") = "Task6", "Task6", "{21231E13-4F9A-42B5-901E-31917B32E6AA}"
EndProject
Project("{2150E333-8FDC-42A3-9474-1A3956D46DE8}") = "Task7", "Task7", "{DBAD1158-C805-47D9-8887-C4A66B61F589}"
EndProject
Project("{FAE04EC0-301F-11D3-BF4B-00C04F79EFBC}") = "Tyuiu.ZakharovaYV.Sprint2.Task6.V15", "Tyuiu.ZakharovaYV.Sprint2.Task6.V4\Tyuiu.ZakharovaYV.Sprint2.Task6.V15.csproj", "{BCDC8EA8-FEEF-4842-AC3C-42268DFE6207}"
EndProject
Project("{FAE04EC0-301F-11D3-BF4B-00C04F79EFBC}") = "Tyuiu.ZakharovaYV.Sprint2.Task6.V15.Test", "Tyuiu.ZakharovaYV.Sprint2.Task6.V4.Test\Tyuiu.ZakharovaYV.Sprint2.Task6.V15.Test.csproj", "{0E58FABD-4A0B-4811-83D9-D62997DE983F}"
EndProject
Project("{FAE04EC0-301F-11D3-BF4B-00C04F79EFBC}") = "Tyuiu.ZakharovaYV.Sprint2.Task6.V15.Lib", "Tyuiu.ZakharovaYV.Sprint2.Task6.V4.Lib\Tyuiu.ZakharovaYV.Sprint2.Task6.V15.Lib.csproj", "{7B892644-4E76-468C-B2FF-EA587F6C3405}"
EndProject
Project("{FAE04EC0-301F-11D3-BF4B-00C04F79EFBC}") = "Tyuiu.ZakharovaYV.Sprint2.Task7.V4", "Tyuiu.ZakharovaYV.Sprint2.Task7.V7\Tyuiu.ZakharovaYV.Sprint2.Task7.V4.csproj", "{CBD3BFE4-66A1-4D7A-BFB2-1827C31269B6}"
EndProject
Project("{FAE04EC0-301F-11D3-BF4B-00C04F79EFBC}") = "Tyuiu.ZakharovaYV.Sprint2.Task7.V4.Test", "Tyuiu.ZakharovaYV.Sprint2.Task7.V7.Test\Tyuiu.ZakharovaYV.Sprint2.Task7.V4.Test.csproj", "{82F86234-34FE-4444-9E70-ADF141B3298F}"
EndProject
Project("{FAE04EC0-301F-11D3-BF4B-00C04F79EFBC}") = "Tyuiu.ZakharovaYV.Sprint2.Task7.V4.Lib", "Tyuiu.ZakharovaYV.Sprint2.Task7.V7.Lib\Tyuiu.ZakharovaYV.Sprint2.Task7.V4.Lib.csproj", "{46C6EC82-8D2B-4D44-BC05-7C0C6FE61F13}"
EndProject
Global
	GlobalSection(SolutionConfigurationPlatforms) = preSolution
		Debug|Any CPU = Debug|Any CPU
		Release|Any CPU = Release|Any CPU
	EndGlobalSection
	GlobalSection(ProjectConfigurationPlatforms) = postSolution
		{4A11907B-9D03-42FF-A1AD-277840909A9E}.Debug|Any CPU.ActiveCfg = Debug|Any CPU
		{4A11907B-9D03-42FF-A1AD-277840909A9E}.Debug|Any CPU.Build.0 = Debug|Any CPU
		{4A11907B-9D03-42FF-A1AD-277840909A9E}.Release|Any CPU.ActiveCfg = Release|Any CPU
		{4A11907B-9D03-42FF-A1AD-277840909A9E}.Release|Any CPU.Build.0 = Release|Any CPU
		{8F9086B2-3DF8-4DC7-BB4C-76B8BAFF5B03}.Debug|Any CPU.ActiveCfg = Debug|Any CPU
		{8F9086B2-3DF8-4DC7-BB4C-76B8BAFF5B03}.Debug|Any CPU.Build.0 = Debug|Any CPU
		{8F9086B2-3DF8-4DC7-BB4C-76B8BAFF5B03}.Release|Any CPU.ActiveCfg = Release|Any CPU
		{8F9086B2-3DF8-4DC7-BB4C-76B8BAFF5B03}.Release|Any CPU.Build.0 = Release|Any CPU
		{F5545FF8-CC95-4BB5-80D4-6C2236EC8130}.Debug|Any CPU.ActiveCfg = Debug|Any CPU
		{F5545FF8-CC95-4BB5-80D4-6C2236EC8130}.Debug|Any CPU.Build.0 = Debug|Any CPU
		{F5545FF8-CC95-4BB5-80D4-6C2236EC8130}.Release|Any CPU.ActiveCfg = Release|Any CPU
		{F5545FF8-CC95-4BB5-80D4-6C2236EC8130}.Release|Any CPU.Build.0 = Release|Any CPU
		{B28552FD-503B-4BD5-B636-D44ED6A14B19}.Debug|Any CPU.ActiveCfg = Debug|Any CPU
		{B28552FD-503B-4BD5-B636-D44ED6A14B19}.Debug|Any CPU.Build.0 = Debug|Any CPU
		{B28552FD-503B-4BD5-B636-D44ED6A14B19}.Release|Any CPU.ActiveCfg = Release|Any CPU
		{B28552FD-503B-4BD5-B636-D44ED6A14B19}.Release|Any CPU.Build.0 = Release|Any CPU
		{B387FFD4-8F28-4430-989A-F1FA9863BF9B}.Debug|Any CPU.ActiveCfg = Debug|Any CPU
		{B387FFD4-8F28-4430-989A-F1FA9863BF9B}.Debug|Any CPU.Build.0 = Debug|Any CPU
		{B387FFD4-8F28-4430-989A-F1FA9863BF9B}.Release|Any CPU.ActiveCfg = Release|Any CPU
		{B387FFD4-8F28-4430-989A-F1FA9863BF9B}.Release|Any CPU.Build.0 = Release|Any CPU
		{1CCC555C-E469-4CA7-B15F-27D69D19106A}.Debug|Any CPU.ActiveCfg = Debug|Any CPU
		{1CCC555C-E469-4CA7-B15F-27D69D19106A}.Debug|Any CPU.Build.0 = Debug|Any CPU
		{1CCC555C-E469-4CA7-B15F-27D69D19106A}.Release|Any CPU.ActiveCfg = Release|Any CPU
		{1CCC555C-E469-4CA7-B15F-27D69D19106A}.Release|Any CPU.Build.0 = Release|Any CPU
		{E177614D-7C8F-4F6A-B367-A576D41A96D4}.Debug|Any CPU.ActiveCfg = Debug|Any CPU
		{E177614D-7C8F-4F6A-B367-A576D41A96D4}.Debug|Any CPU.Build.0 = Debug|Any CPU
		{E177614D-7C8F-4F6A-B367-A576D41A96D4}.Release|Any CPU.ActiveCfg = Release|Any CPU
		{E177614D-7C8F-4F6A-B367-A576D41A96D4}.Release|Any CPU.Build.0 = Release|Any CPU
		{B766CC44-FC65-4422-8D8E-CB864B477AD0}.Debug|Any CPU.ActiveCfg = Debug|Any CPU
		{B766CC44-FC65-4422-8D8E-CB864B477AD0}.Debug|Any CPU.Build.0 = Debug|Any CPU
		{B766CC44-FC65-4422-8D8E-CB864B477AD0}.Release|Any CPU.ActiveCfg = Release|Any CPU
		{B766CC44-FC65-4422-8D8E-CB864B477AD0}.Release|Any CPU.Build.0 = Release|Any CPU
		{D5CBED87-BA57-4BB4-A898-F8546CB19B87}.Debug|Any CPU.ActiveCfg = Debug|Any CPU
		{D5CBED87-BA57-4BB4-A898-F8546CB19B87}.Debug|Any CPU.Build.0 = Debug|Any CPU
		{D5CBED87-BA57-4BB4-A898-F8546CB19B87}.Release|Any CPU.ActiveCfg = Release|Any CPU
		{D5CBED87-BA57-4BB4-A898-F8546CB19B87}.Release|Any CPU.Build.0 = Release|Any CPU
		{09321C1E-6706-420A-BCC0-50707FEF4490}.Debug|Any CPU.ActiveCfg = Debug|Any CPU
		{09321C1E-6706-420A-BCC0-50707FEF4490}.Debug|Any CPU.Build.0 = Debug|Any CPU
		{09321C1E-6706-420A-BCC0-50707FEF4490}.Release|Any CPU.ActiveCfg = Release|Any CPU
		{09321C1E-6706-420A-BCC0-50707FEF4490}.Release|Any CPU.Build.0 = Release|Any CPU
		{8749DBB2-A9BC-44D4-ADF8-8C40B7401773}.Debug|Any CPU.ActiveCfg = Debug|Any CPU
		{8749DBB2-A9BC-44D4-ADF8-8C40B7401773}.Debug|Any CPU.Build.0 = Debug|Any CPU
		{8749DBB2-A9BC-44D4-ADF8-8C40B7401773}.Release|Any CPU.ActiveCfg = Release|Any CPU
		{8749DBB2-A9BC-44D4-ADF8-8C40B7401773}.Release|Any CPU.Build.0 = Release|Any CPU
		{53C4EE1E-51A7-4C4E-AFB5-D92C13953A27}.Debug|Any CPU.ActiveCfg = Debug|Any CPU
		{53C4EE1E-51A7-4C4E-AFB5-D92C13953A27}.Debug|Any CPU.Build.0 = Debug|Any CPU
		{53C4EE1E-51A7-4C4E-AFB5-D92C13953A27}.Release|Any CPU.ActiveCfg = Release|Any CPU
		{53C4EE1E-51A7-4C4E-AFB5-D92C13953A27}.Release|Any CPU.Build.0 = Release|Any CPU
		{51002A3D-CBBE-4F76-9257-716E45132628}.Debug|Any CPU.ActiveCfg = Debug|Any CPU
		{51002A3D-CBBE-4F76-9257-716E45132628}.Debug|Any CPU.Build.0 = Debug|Any CPU
		{51002A3D-CBBE-4F76-9257-716E45132628}.Release|Any CPU.ActiveCfg = Release|Any CPU
		{51002A3D-CBBE-4F76-9257-716E45132628}.Release|Any CPU.Build.0 = Release|Any CPU
		{9C455E15-2B91-4E6E-8C54-4EE901AF4066}.Debug|Any CPU.ActiveCfg = Debug|Any CPU
		{9C455E15-2B91-4E6E-8C54-4EE901AF4066}.Debug|Any CPU.Build.0 = Debug|Any CPU
		{9C455E15-2B91-4E6E-8C54-4EE901AF4066}.Release|Any CPU.ActiveCfg = Release|Any CPU
		{9C455E15-2B91-4E6E-8C54-4EE901AF4066}.Release|Any CPU.Build.0 = Release|Any CPU
		{12D36341-5F28-44D4-BC44-9E5B9558AC7B}.Debug|Any CPU.ActiveCfg = Debug|Any CPU
		{12D36341-5F28-44D4-BC44-9E5B9558AC7B}.Debug|Any CPU.Build.0 = Debug|Any CPU
		{12D36341-5F28-44D4-BC44-9E5B9558AC7B}.Release|Any CPU.ActiveCfg = Release|Any CPU
		{12D36341-5F28-44D4-BC44-9E5B9558AC7B}.Release|Any CPU.Build.0 = Release|Any CPU
		{F5DDB443-52ED-44EB-BCD5-8B3D13768C4A}.Debug|Any CPU.ActiveCfg = Debug|Any CPU
		{F5DDB443-52ED-44EB-BCD5-8B3D13768C4A}.Debug|Any CPU.Build.0 = Debug|Any CPU
		{F5DDB443-52ED-44EB-BCD5-8B3D13768C4A}.Release|Any CPU.ActiveCfg = Release|Any CPU
		{F5DDB443-52ED-44EB-BCD5-8B3D13768C4A}.Release|Any CPU.Build.0 = Release|Any CPU
		{147D40B8-B1BE-40C6-B36A-BA3888569FFD}.Debug|Any CPU.ActiveCfg = Debug|Any CPU
		{147D40B8-B1BE-40C6-B36A-BA3888569FFD}.Debug|Any CPU.Build.0 = Debug|Any CPU
		{147D40B8-B1BE-40C6-B36A-BA3888569FFD}.Release|Any CPU.ActiveCfg = Release|Any CPU
		{147D40B8-B1BE-40C6-B36A-BA3888569FFD}.Release|Any CPU.Build.0 = Release|Any CPU
		{E641E87D-F9A1-4F2D-A5E0-EAE0788DC668}.Debug|Any CPU.ActiveCfg = Debug|Any CPU
		{E641E87D-F9A1-4F2D-A5E0-EAE0788DC668}.Debug|Any CPU.Build.0 = Debug|Any CPU
		{E641E87D-F9A1-4F2D-A5E0-EAE0788DC668}.Release|Any CPU.ActiveCfg = Release|Any CPU
		{E641E87D-F9A1-4F2D-A5E0-EAE0788DC668}.Release|Any CPU.Build.0 = Release|Any CPU
		{BCDC8EA8-FEEF-4842-AC3C-42268DFE6207}.Debug|Any CPU.ActiveCfg = Debug|Any CPU
		{BCDC8EA8-FEEF-4842-AC3C-42268DFE6207}.Debug|Any CPU.Build.0 = Debug|Any CPU
		{BCDC8EA8-FEEF-4842-AC3C-42268DFE6207}.Release|Any CPU.ActiveCfg = Release|Any CPU
		{BCDC8EA8-FEEF-4842-AC3C-42268DFE6207}.Release|Any CPU.Build.0 = Release|Any CPU
		{0E58FABD-4A0B-4811-83D9-D62997DE983F}.Debug|Any CPU.ActiveCfg = Debug|Any CPU
		{0E58FABD-4A0B-4811-83D9-D62997DE983F}.Debug|Any CPU.Build.0 = Debug|Any CPU
		{0E58FABD-4A0B-4811-83D9-D62997DE983F}.Release|Any CPU.ActiveCfg = Release|Any CPU
		{0E58FABD-4A0B-4811-83D9-D62997DE983F}.Release|Any CPU.Build.0 = Release|Any CPU
		{7B892644-4E76-468C-B2FF-EA587F6C3405}.Debug|Any CPU.ActiveCfg = Debug|Any CPU
		{7B892644-4E76-468C-B2FF-EA587F6C3405}.Debug|Any CPU.Build.0 = Debug|Any CPU
		{7B892644-4E76-468C-B2FF-EA587F6C3405}.Release|Any CPU.ActiveCfg = Release|Any CPU
		{7B892644-4E76-468C-B2FF-EA587F6C3405}.Release|Any CPU.Build.0 = Release|Any CPU
		{CBD3BFE4-66A1-4D7A-BFB2-1827C31269B6}.Debug|Any CPU.ActiveCfg = Debug|Any CPU
		{CBD3BFE4-66A1-4D7A-BFB2-1827C31269B6}.Debug|Any CPU.Build.0 = Debug|Any CPU
		{CBD3BFE4-66A1-4D7A-BFB2-1827C31269B6}.Release|Any CPU.ActiveCfg = Release|Any CPU
		{CBD3BFE4-66A1-4D7A-BFB2-1827C31269B6}.Release|Any CPU.Build.0 = Release|Any CPU
		{82F86234-34FE-4444-9E70-ADF141B3298F}.Debug|Any CPU.ActiveCfg = Debug|Any CPU
		{82F86234-34FE-4444-9E70-ADF141B3298F}.Debug|Any CPU.Build.0 = Debug|Any CPU
		{82F86234-34FE-4444-9E70-ADF141B3298F}.Release|Any CPU.ActiveCfg = Release|Any CPU
		{82F86234-34FE-4444-9E70-ADF141B3298F}.Release|Any CPU.Build.0 = Release|Any CPU
		{46C6EC82-8D2B-4D44-BC05-7C0C6FE61F13}.Debug|Any CPU.ActiveCfg = Debug|Any CPU
		{46C6EC82-8D2B-4D44-BC05-7C0C6FE61F13}.Debug|Any CPU.Build.0 = Debug|Any CPU
		{46C6EC82-8D2B-4D44-BC05-7C0C6FE61F13}.Release|Any CPU.ActiveCfg = Release|Any CPU
		{46C6EC82-8D2B-4D44-BC05-7C0C6FE61F13}.Release|Any CPU.Build.0 = Release|Any CPU
	EndGlobalSection
	GlobalSection(SolutionProperties) = preSolution
		HideSolutionNode = FALSE
	EndGlobalSection
	GlobalSection(NestedProjects) = preSolution
		{4A11907B-9D03-42FF-A1AD-277840909A9E} = {8C49F02F-5542-486F-94CF-5B91185A5B8D}
		{8F9086B2-3DF8-4DC7-BB4C-76B8BAFF5B03} = {8C49F02F-5542-486F-94CF-5B91185A5B8D}
		{F5545FF8-CC95-4BB5-80D4-6C2236EC8130} = {8C49F02F-5542-486F-94CF-5B91185A5B8D}
		{B28552FD-503B-4BD5-B636-D44ED6A14B19} = {7224946D-6DD5-4183-AD13-BD2233B5A1B1}
		{B387FFD4-8F28-4430-989A-F1FA9863BF9B} = {7224946D-6DD5-4183-AD13-BD2233B5A1B1}
		{1CCC555C-E469-4CA7-B15F-27D69D19106A} = {7224946D-6DD5-4183-AD13-BD2233B5A1B1}
		{E177614D-7C8F-4F6A-B367-A576D41A96D4} = {AD5974FD-8104-49FB-A698-D05F23A35A36}
		{B766CC44-FC65-4422-8D8E-CB864B477AD0} = {AD5974FD-8104-49FB-A698-D05F23A35A36}
		{D5CBED87-BA57-4BB4-A898-F8546CB19B87} = {AD5974FD-8104-49FB-A698-D05F23A35A36}
		{09321C1E-6706-420A-BCC0-50707FEF4490} = {1D5D5F60-BECA-46ED-A265-25E0A67ECFD2}
		{8749DBB2-A9BC-44D4-ADF8-8C40B7401773} = {1D5D5F60-BECA-46ED-A265-25E0A67ECFD2}
		{53C4EE1E-51A7-4C4E-AFB5-D92C13953A27} = {1D5D5F60-BECA-46ED-A265-25E0A67ECFD2}
		{51002A3D-CBBE-4F76-9257-716E45132628} = {B3E6099B-B638-4787-85C4-41CC6F1721FE}
		{9C455E15-2B91-4E6E-8C54-4EE901AF4066} = {B3E6099B-B638-4787-85C4-41CC6F1721FE}
		{12D36341-5F28-44D4-BC44-9E5B9558AC7B} = {B3E6099B-B638-4787-85C4-41CC6F1721FE}
		{F5DDB443-52ED-44EB-BCD5-8B3D13768C4A} = {2A488069-1BE6-4F40-8CB8-CEA6EA31D623}
		{147D40B8-B1BE-40C6-B36A-BA3888569FFD} = {2A488069-1BE6-4F40-8CB8-CEA6EA31D623}
		{E641E87D-F9A1-4F2D-A5E0-EAE0788DC668} = {2A488069-1BE6-4F40-8CB8-CEA6EA31D623}
		{BCDC8EA8-FEEF-4842-AC3C-42268DFE6207} = {21231E13-4F9A-42B5-901E-31917B32E6AA}
		{0E58FABD-4A0B-4811-83D9-D62997DE983F} = {21231E13-4F9A-42B5-901E-31917B32E6AA}
		{7B892644-4E76-468C-B2FF-EA587F6C3405} = {21231E13-4F9A-42B5-901E-31917B32E6AA}
		{CBD3BFE4-66A1-4D7A-BFB2-1827C31269B6} = {DBAD1158-C805-47D9-8887-C4A66B61F589}
		{82F86234-34FE-4444-9E70-ADF141B3298F} = {DBAD1158-C805-47D9-8887-C4A66B61F589}
		{46C6EC82-8D2B-4D44-BC05-7C0C6FE61F13} = {DBAD1158-C805-47D9-8887-C4A66B61F589}
	EndGlobalSection
	GlobalSection(ExtensibilityGlobals) = postSolution
		SolutionGuid = {0B047974-6BAC-4872-8779-BD7252652723}
	EndGlobalSection
EndGlobal
